{
	"name": "@pure/cli-utils",
	"version": "0.2.3-alpha.0",
	"lockfileVersion": 1,
	"requires": true,
	"dependencies": {
		"lodash": {
			"version": "4.17.21",
			"resolved": "http://artifactory.intra.xiaojukeji.com:80/artifactory/api/npm/npm/lodash/download/lodash-4.17.21.tgz",
			"integrity": "sha1-Z5WRxWTDv/quhFTPCz3zcMPWkRw="
		}
	}
}
